
Microsoft Visual Studio Solution File, Format Version 12.00
# Visual Studio Version 17
VisualStudioVersion = 17.10.35027.167
MinimumVisualStudioVersion = 10.0.40219.1
Project("{FAE04EC0-301F-11D3-BF4B-00C04F79EFBC}") = "TaskCBT.WebApi", "TaskCBT.WebApi\TaskCBT.WebApi.csproj", "{AF55A5D8-D0E0-4F89-BD6A-D783E4F96998}"
EndProject
Project("{FAE04EC0-301F-11D3-BF4B-00C04F79EFBC}") = "TaskCBT.Domain", "TaskCBT.Domain\TaskCBT.Domain.csproj", "{B0C921E2-B1CE-463A-8F1D-DA9C95B23C65}"
EndProject
Project("{FAE04EC0-301F-11D3-BF4B-00C04F79EFBC}") = "TaskCBT.Infrastructure", "TaskCBT.Infrastructure\TaskCBT.Infrastructure.csproj", "{C5150CF5-0CBC-4698-B9BF-BAE39A8CE085}"
EndProject
Project("{FAE04EC0-301F-11D3-BF4B-00C04F79EFBC}") = "TaskCBT.Application", "TaskCBT.Application\TaskCBT.Application.csproj", "{B4501C6A-030A-41E9-9B17-76F7D7F149A8}"
EndProject
Global
	GlobalSection(SolutionConfigurationPlatforms) = preSolution
		Debug|Any CPU = Debug|Any CPU
		Release|Any CPU = Release|Any CPU
	EndGlobalSection
	GlobalSection(ProjectConfigurationPlatforms) = postSolution
		{AF55A5D8-D0E0-4F89-BD6A-D783E4F96998}.Debug|Any CPU.ActiveCfg = Debug|Any CPU
		{AF55A5D8-D0E0-4F89-BD6A-D783E4F96998}.Debug|Any CPU.Build.0 = Debug|Any CPU
		{AF55A5D8-D0E0-4F89-BD6A-D783E4F96998}.Release|Any CPU.ActiveCfg = Release|Any CPU
		{AF55A5D8-D0E0-4F89-BD6A-D783E4F96998}.Release|Any CPU.Build.0 = Release|Any CPU
		{B0C921E2-B1CE-463A-8F1D-DA9C95B23C65}.Debug|Any CPU.ActiveCfg = Debug|Any CPU
		{B0C921E2-B1CE-463A-8F1D-DA9C95B23C65}.Debug|Any CPU.Build.0 = Debug|Any CPU
		{B0C921E2-B1CE-463A-8F1D-DA9C95B23C65}.Release|Any CPU.ActiveCfg = Release|Any CPU
		{B0C921E2-B1CE-463A-8F1D-DA9C95B23C65}.Release|Any CPU.Build.0 = Release|Any CPU
		{C5150CF5-0CBC-4698-B9BF-BAE39A8CE085}.Debug|Any CPU.ActiveCfg = Debug|Any CPU
		{C5150CF5-0CBC-4698-B9BF-BAE39A8CE085}.Debug|Any CPU.Build.0 = Debug|Any CPU
		{C5150CF5-0CBC-4698-B9BF-BAE39A8CE085}.Release|Any CPU.ActiveCfg = Release|Any CPU
		{C5150CF5-0CBC-4698-B9BF-BAE39A8CE085}.Release|Any CPU.Build.0 = Release|Any CPU
		{B4501C6A-030A-41E9-9B17-76F7D7F149A8}.Debug|Any CPU.ActiveCfg = Debug|Any CPU
		{B4501C6A-030A-41E9-9B17-76F7D7F149A8}.Debug|Any CPU.Build.0 = Debug|Any CPU
		{B4501C6A-030A-41E9-9B17-76F7D7F149A8}.Release|Any CPU.ActiveCfg = Release|Any CPU
		{B4501C6A-030A-41E9-9B17-76F7D7F149A8}.Release|Any CPU.Build.0 = Release|Any CPU
	EndGlobalSection
	GlobalSection(SolutionProperties) = preSolution
		HideSolutionNode = FALSE
	EndGlobalSection
	GlobalSection(ExtensibilityGlobals) = postSolution
		SolutionGuid = {6BC77BC2-4F39-494F-A452-9F8499A5B02D}
	EndGlobalSection
EndGlobal
